
Microsoft Visual Studio Solution File, Format Version 12.00
# Visual Studio Version 17
VisualStudioVersion = 17.1.32319.34
MinimumVisualStudioVersion = 10.0.40219.1
Project("{9A19103F-16F7-4668-BE54-9A1E7A4F7556}") = "MVVMBlazorTest", "MVVMBlazorTest\MVVMBlazorTest.csproj", "{FB69DE61-6600-4D38-8103-2663581128C0}"
EndProject
Global
	GlobalSection(SolutionConfigurationPlatforms) = preSolution
		Debug|Any CPU = Debug|Any CPU
		Release|Any CPU = Release|Any CPU
	EndGlobalSection
	GlobalSection(ProjectConfigurationPlatforms) = postSolution
		{FB69DE61-6600-4D38-8103-2663581128C0}.Debug|Any CPU.ActiveCfg = Debug|Any CPU
		{FB69DE61-6600-4D38-8103-2663581128C0}.Debug|Any CPU.Build.0 = Debug|Any CPU
		{FB69DE61-6600-4D38-8103-2663581128C0}.Release|Any CPU.ActiveCfg = Release|Any CPU
		{FB69DE61-6600-4D38-8103-2663581128C0}.Release|Any CPU.Build.0 = Release|Any CPU
	EndGlobalSection
	GlobalSection(SolutionProperties) = preSolution
		HideSolutionNode = FALSE
	EndGlobalSection
	GlobalSection(ExtensibilityGlobals) = postSolution
		SolutionGuid = {A2FFE540-DDD2-4C35-8885-80C4F31B85B2}
	EndGlobalSection
EndGlobal
