
Microsoft Visual Studio Solution File, Format Version 12.00
# Visual Studio Version 17
VisualStudioVersion = 17.1.32319.34
MinimumVisualStudioVersion = 10.0.40219.1
Project("{9A19103F-16F7-4668-BE54-9A1E7A4F7556}") = "BlazorReactive", "BlazorReactive\BlazorReactive.csproj", "{12D79A27-20FF-45F0-B292-D488A22E6DC5}"
EndProject
Project("{9A19103F-16F7-4668-BE54-9A1E7A4F7556}") = "BlazorTest", "BlazorTest\BlazorTest.csproj", "{24E91461-DD8A-433C-98E2-B64E9480C651}"
EndProject
Global
	GlobalSection(SolutionConfigurationPlatforms) = preSolution
		Debug|Any CPU = Debug|Any CPU
		Release|Any CPU = Release|Any CPU
	EndGlobalSection
	GlobalSection(ProjectConfigurationPlatforms) = postSolution
		{12D79A27-20FF-45F0-B292-D488A22E6DC5}.Debug|Any CPU.ActiveCfg = Debug|Any CPU
		{12D79A27-20FF-45F0-B292-D488A22E6DC5}.Debug|Any CPU.Build.0 = Debug|Any CPU
		{12D79A27-20FF-45F0-B292-D488A22E6DC5}.Release|Any CPU.ActiveCfg = Release|Any CPU
		{12D79A27-20FF-45F0-B292-D488A22E6DC5}.Release|Any CPU.Build.0 = Release|Any CPU
		{24E91461-DD8A-433C-98E2-B64E9480C651}.Debug|Any CPU.ActiveCfg = Debug|Any CPU
		{24E91461-DD8A-433C-98E2-B64E9480C651}.Debug|Any CPU.Build.0 = Debug|Any CPU
		{24E91461-DD8A-433C-98E2-B64E9480C651}.Release|Any CPU.ActiveCfg = Release|Any CPU
		{24E91461-DD8A-433C-98E2-B64E9480C651}.Release|Any CPU.Build.0 = Release|Any CPU
	EndGlobalSection
	GlobalSection(SolutionProperties) = preSolution
		HideSolutionNode = FALSE
	EndGlobalSection
	GlobalSection(ExtensibilityGlobals) = postSolution
		SolutionGuid = {A4A7280F-ED32-48BC-8B4B-75592F57DB00}
	EndGlobalSection
EndGlobal
